
Microsoft Visual Studio Solution File, Format Version 12.00
# Visual Studio 15
VisualStudioVersion = 15.0.27428.2043
MinimumVisualStudioVersion = 10.0.40219.1
Project("{FAE04EC0-301F-11D3-BF4B-00C04F79EFBC}") = "AdvanceSteelCSV", "AdvanceSteelCSV\AdvanceSteelCSV.csproj", "{03BCD24E-34F9-4521-A7E0-F02162DFF771}"
EndProject
Global
	GlobalSection(SolutionConfigurationPlatforms) = preSolution
		Debug|Any CPU = Debug|Any CPU
		Release|Any CPU = Release|Any CPU
	EndGlobalSection
	GlobalSection(ProjectConfigurationPlatforms) = postSolution
		{03BCD24E-34F9-4521-A7E0-F02162DFF771}.Debug|Any CPU.ActiveCfg = Debug|Any CPU
		{03BCD24E-34F9-4521-A7E0-F02162DFF771}.Debug|Any CPU.Build.0 = Debug|Any CPU
		{03BCD24E-34F9-4521-A7E0-F02162DFF771}.Release|Any CPU.ActiveCfg = Release|Any CPU
		{03BCD24E-34F9-4521-A7E0-F02162DFF771}.Release|Any CPU.Build.0 = Release|Any CPU
	EndGlobalSection
	GlobalSection(SolutionProperties) = preSolution
		HideSolutionNode = FALSE
	EndGlobalSection
	GlobalSection(ExtensibilityGlobals) = postSolution
		SolutionGuid = {E009071B-4238-44ED-A5B3-F87750FA1B6C}
	EndGlobalSection
EndGlobal
